
Microsoft Visual Studio Solution File, Format Version 12.00
# Visual Studio 15
VisualStudioVersion = 15.0.28010.2026
MinimumVisualStudioVersion = 10.0.40219.1
Project("{FAE04EC0-301F-11D3-BF4B-00C04F79EFBC}") = "StarSignApp.Android", "StarSignApp\StarSignApp.Android\StarSignApp.Android.csproj", "{0786352F-FF85-4AE5-970C-B1A4C27310D4}"
EndProject
Project("{FAE04EC0-301F-11D3-BF4B-00C04F79EFBC}") = "StarSignApp.iOS", "StarSignApp\StarSignApp.iOS\StarSignApp.iOS.csproj", "{4ED1698B-EACD-4508-B1C0-7C8F9ED88920}"
EndProject
Project("{FAE04EC0-301F-11D3-BF4B-00C04F79EFBC}") = "StarSignApp.UWP", "StarSignApp\StarSignApp.UWP\StarSignApp.UWP.csproj", "{B6DEEC46-EE4A-4A81-AA7B-5B5CE1AA32E8}"
EndProject
Project("{FAE04EC0-301F-11D3-BF4B-00C04F79EFBC}") = "StarSignApp", "StarSignApp\StarSignApp\StarSignApp.csproj", "{05192E8A-4AAB-4A8D-894B-E55A98C5CFF5}"
EndProject
Global
	GlobalSection(SolutionConfigurationPlatforms) = preSolution
		Ad-Hoc|Any CPU = Ad-Hoc|Any CPU
		Ad-Hoc|ARM = Ad-Hoc|ARM
		Ad-Hoc|iPhone = Ad-Hoc|iPhone
		Ad-Hoc|iPhoneSimulator = Ad-Hoc|iPhoneSimulator
		Ad-Hoc|x64 = Ad-Hoc|x64
		Ad-Hoc|x86 = Ad-Hoc|x86
		AppStore|Any CPU = AppStore|Any CPU
		AppStore|ARM = AppStore|ARM
		AppStore|iPhone = AppStore|iPhone
		AppStore|iPhoneSimulator = AppStore|iPhoneSimulator
		AppStore|x64 = AppStore|x64
		AppStore|x86 = AppStore|x86
		Debug|Any CPU = Debug|Any CPU
		Debug|ARM = Debug|ARM
		Debug|iPhone = Debug|iPhone
		Debug|iPhoneSimulator = Debug|iPhoneSimulator
		Debug|x64 = Debug|x64
		Debug|x86 = Debug|x86
		Release|Any CPU = Release|Any CPU
		Release|ARM = Release|ARM
		Release|iPhone = Release|iPhone
		Release|iPhoneSimulator = Release|iPhoneSimulator
		Release|x64 = Release|x64
		Release|x86 = Release|x86
	EndGlobalSection
	GlobalSection(ProjectConfigurationPlatforms) = postSolution
		{0786352F-FF85-4AE5-970C-B1A4C27310D4}.Ad-Hoc|Any CPU.ActiveCfg = Release|Any CPU
		{0786352F-FF85-4AE5-970C-B1A4C27310D4}.Ad-Hoc|Any CPU.Build.0 = Release|Any CPU
		{0786352F-FF85-4AE5-970C-B1A4C27310D4}.Ad-Hoc|Any CPU.Deploy.0 = Release|Any CPU
		{0786352F-FF85-4AE5-970C-B1A4C27310D4}.Ad-Hoc|ARM.ActiveCfg = Release|Any CPU
		{0786352F-FF85-4AE5-970C-B1A4C27310D4}.Ad-Hoc|ARM.Build.0 = Release|Any CPU
		{0786352F-FF85-4AE5-970C-B1A4C27310D4}.Ad-Hoc|ARM.Deploy.0 = Release|Any CPU
		{0786352F-FF85-4AE5-970C-B1A4C27310D4}.Ad-Hoc|iPhone.ActiveCfg = Release|Any CPU
		{0786352F-FF85-4AE5-970C-B1A4C27310D4}.Ad-Hoc|iPhone.Build.0 = Release|Any CPU
		{0786352F-FF85-4AE5-970C-B1A4C27310D4}.Ad-Hoc|iPhone.Deploy.0 = Release|Any CPU
		{0786352F-FF85-4AE5-970C-B1A4C27310D4}.Ad-Hoc|iPhoneSimulator.ActiveCfg = Release|Any CPU
		{0786352F-FF85-4AE5-970C-B1A4C27310D4}.Ad-Hoc|iPhoneSimulator.Build.0 = Release|Any CPU
		{0786352F-FF85-4AE5-970C-B1A4C27310D4}.Ad-Hoc|iPhoneSimulator.Deploy.0 = Release|Any CPU
		{0786352F-FF85-4AE5-970C-B1A4C27310D4}.Ad-Hoc|x64.ActiveCfg = Release|Any CPU
		{0786352F-FF85-4AE5-970C-B1A4C27310D4}.Ad-Hoc|x64.Build.0 = Release|Any CPU
		{0786352F-FF85-4AE5-970C-B1A4C27310D4}.Ad-Hoc|x64.Deploy.0 = Release|Any CPU
		{0786352F-FF85-4AE5-970C-B1A4C27310D4}.Ad-Hoc|x86.ActiveCfg = Release|Any CPU
		{0786352F-FF85-4AE5-970C-B1A4C27310D4}.Ad-Hoc|x86.Build.0 = Release|Any CPU
		{0786352F-FF85-4AE5-970C-B1A4C27310D4}.Ad-Hoc|x86.Deploy.0 = Release|Any CPU
		{0786352F-FF85-4AE5-970C-B1A4C27310D4}.AppStore|Any CPU.ActiveCfg = Release|Any CPU
		{0786352F-FF85-4AE5-970C-B1A4C27310D4}.AppStore|Any CPU.Build.0 = Release|Any CPU
		{0786352F-FF85-4AE5-970C-B1A4C27310D4}.AppStore|Any CPU.Deploy.0 = Release|Any CPU
		{0786352F-FF85-4AE5-970C-B1A4C27310D4}.AppStore|ARM.ActiveCfg = Release|Any CPU
		{0786352F-FF85-4AE5-970C-B1A4C27310D4}.AppStore|ARM.Build.0 = Release|Any CPU
		{0786352F-FF85-4AE5-970C-B1A4C27310D4}.AppStore|ARM.Deploy.0 = Release|Any CPU
		{0786352F-FF85-4AE5-970C-B1A4C27310D4}.AppStore|iPhone.ActiveCfg = Release|Any CPU
		{0786352F-FF85-4AE5-970C-B1A4C27310D4}.AppStore|iPhone.Build.0 = Release|Any CPU
		{0786352F-FF85-4AE5-970C-B1A4C27310D4}.AppStore|iPhone.Deploy.0 = Release|Any CPU
		{0786352F-FF85-4AE5-970C-B1A4C27310D4}.AppStore|iPhoneSimulator.ActiveCfg = Release|Any CPU
		{0786352F-FF85-4AE5-970C-B1A4C27310D4}.AppStore|iPhoneSimulator.Build.0 = Release|Any CPU
		{0786352F-FF85-4AE5-970C-B1A4C27310D4}.AppStore|iPhoneSimulator.Deploy.0 = Release|Any CPU
		{0786352F-FF85-4AE5-970C-B1A4C27310D4}.AppStore|x64.ActiveCfg = Release|Any CPU
		{0786352F-FF85-4AE5-970C-B1A4C27310D4}.AppStore|x64.Build.0 = Release|Any CPU
		{0786352F-FF85-4AE5-970C-B1A4C27310D4}.AppStore|x64.Deploy.0 = Release|Any CPU
		{0786352F-FF85-4AE5-970C-B1A4C27310D4}.AppStore|x86.ActiveCfg = Release|Any CPU
		{0786352F-FF85-4AE5-970C-B1A4C27310D4}.AppStore|x86.Build.0 = Release|Any CPU
		{0786352F-FF85-4AE5-970C-B1A4C27310D4}.AppStore|x86.Deploy.0 = Release|Any CPU
		{0786352F-FF85-4AE5-970C-B1A4C27310D4}.Debug|Any CPU.ActiveCfg = Debug|Any CPU
		{0786352F-FF85-4AE5-970C-B1A4C27310D4}.Debug|Any CPU.Build.0 = Debug|Any CPU
		{0786352F-FF85-4AE5-970C-B1A4C27310D4}.Debug|Any CPU.Deploy.0 = Debug|Any CPU
		{0786352F-FF85-4AE5-970C-B1A4C27310D4}.Debug|ARM.ActiveCfg = Debug|Any CPU
		{0786352F-FF85-4AE5-970C-B1A4C27310D4}.Debug|ARM.Build.0 = Debug|Any CPU
		{0786352F-FF85-4AE5-970C-B1A4C27310D4}.Debug|ARM.Deploy.0 = Debug|Any CPU
		{0786352F-FF85-4AE5-970C-B1A4C27310D4}.Debug|iPhone.ActiveCfg = Debug|Any CPU
		{0786352F-FF85-4AE5-970C-B1A4C27310D4}.Debug|iPhone.Build.0 = Debug|Any CPU
		{0786352F-FF85-4AE5-970C-B1A4C27310D4}.Debug|iPhone.Deploy.0 = Debug|Any CPU
		{0786352F-FF85-4AE5-970C-B1A4C27310D4}.Debug|iPhoneSimulator.ActiveCfg = Debug|Any CPU
		{0786352F-FF85-4AE5-970C-B1A4C27310D4}.Debug|iPhoneSimulator.Build.0 = Debug|Any CPU
		{0786352F-FF85-4AE5-970C-B1A4C27310D4}.Debug|iPhoneSimulator.Deploy.0 = Debug|Any CPU
		{0786352F-FF85-4AE5-970C-B1A4C27310D4}.Debug|x64.ActiveCfg = Debug|Any CPU
		{0786352F-FF85-4AE5-970C-B1A4C27310D4}.Debug|x64.Build.0 = Debug|Any CPU
		{0786352F-FF85-4AE5-970C-B1A4C27310D4}.Debug|x64.Deploy.0 = Debug|Any CPU
		{0786352F-FF85-4AE5-970C-B1A4C27310D4}.Debug|x86.ActiveCfg = Debug|Any CPU
		{0786352F-FF85-4AE5-970C-B1A4C27310D4}.Debug|x86.Build.0 = Debug|Any CPU
		{0786352F-FF85-4AE5-970C-B1A4C27310D4}.Debug|x86.Deploy.0 = Debug|Any CPU
		{0786352F-FF85-4AE5-970C-B1A4C27310D4}.Release|Any CPU.ActiveCfg = Release|Any CPU
		{0786352F-FF85-4AE5-970C-B1A4C27310D4}.Release|Any CPU.Build.0 = Release|Any CPU
		{0786352F-FF85-4AE5-970C-B1A4C27310D4}.Release|Any CPU.Deploy.0 = Release|Any CPU
		{0786352F-FF85-4AE5-970C-B1A4C27310D4}.Release|ARM.ActiveCfg = Release|Any CPU
		{0786352F-FF85-4AE5-970C-B1A4C27310D4}.Release|ARM.Build.0 = Release|Any CPU
		{0786352F-FF85-4AE5-970C-B1A4C27310D4}.Release|ARM.Deploy.0 = Release|Any CPU
		{0786352F-FF85-4AE5-970C-B1A4C27310D4}.Release|iPhone.ActiveCfg = Release|Any CPU
		{0786352F-FF85-4AE5-970C-B1A4C27310D4}.Release|iPhone.Build.0 = Release|Any CPU
		{0786352F-FF85-4AE5-970C-B1A4C27310D4}.Release|iPhone.Deploy.0 = Release|Any CPU
		{0786352F-FF85-4AE5-970C-B1A4C27310D4}.Release|iPhoneSimulator.ActiveCfg = Release|Any CPU
		{0786352F-FF85-4AE5-970C-B1A4C27310D4}.Release|iPhoneSimulator.Build.0 = Release|Any CPU
		{0786352F-FF85-4AE5-970C-B1A4C27310D4}.Release|iPhoneSimulator.Deploy.0 = Release|Any CPU
		{0786352F-FF85-4AE5-970C-B1A4C27310D4}.Release|x64.ActiveCfg = Release|Any CPU
		{0786352F-FF85-4AE5-970C-B1A4C27310D4}.Release|x64.Build.0 = Release|Any CPU
		{0786352F-FF85-4AE5-970C-B1A4C27310D4}.Release|x64.Deploy.0 = Release|Any CPU
		{0786352F-FF85-4AE5-970C-B1A4C27310D4}.Release|x86.ActiveCfg = Release|Any CPU
		{0786352F-FF85-4AE5-970C-B1A4C27310D4}.Release|x86.Build.0 = Release|Any CPU
		{0786352F-FF85-4AE5-970C-B1A4C27310D4}.Release|x86.Deploy.0 = Release|Any CPU
		{4ED1698B-EACD-4508-B1C0-7C8F9ED88920}.Ad-Hoc|Any CPU.ActiveCfg = Ad-Hoc|iPhone
		{4ED1698B-EACD-4508-B1C0-7C8F9ED88920}.Ad-Hoc|Any CPU.Build.0 = Ad-Hoc|iPhone
		{4ED1698B-EACD-4508-B1C0-7C8F9ED88920}.Ad-Hoc|Any CPU.Deploy.0 = Ad-Hoc|iPhone
		{4ED1698B-EACD-4508-B1C0-7C8F9ED88920}.Ad-Hoc|ARM.ActiveCfg = Ad-Hoc|iPhone
		{4ED1698B-EACD-4508-B1C0-7C8F9ED88920}.Ad-Hoc|ARM.Build.0 = Ad-Hoc|iPhone
		{4ED1698B-EACD-4508-B1C0-7C8F9ED88920}.Ad-Hoc|ARM.Deploy.0 = Ad-Hoc|iPhone
		{4ED1698B-EACD-4508-B1C0-7C8F9ED88920}.Ad-Hoc|iPhone.ActiveCfg = Ad-Hoc|iPhone
		{4ED1698B-EACD-4508-B1C0-7C8F9ED88920}.Ad-Hoc|iPhone.Build.0 = Ad-Hoc|iPhone
		{4ED1698B-EACD-4508-B1C0-7C8F9ED88920}.Ad-Hoc|iPhone.Deploy.0 = Ad-Hoc|iPhone
		{4ED1698B-EACD-4508-B1C0-7C8F9ED88920}.Ad-Hoc|iPhoneSimulator.ActiveCfg = Ad-Hoc|iPhoneSimulator
		{4ED1698B-EACD-4508-B1C0-7C8F9ED88920}.Ad-Hoc|iPhoneSimulator.Build.0 = Ad-Hoc|iPhoneSimulator
		{4ED1698B-EACD-4508-B1C0-7C8F9ED88920}.Ad-Hoc|iPhoneSimulator.Deploy.0 = Ad-Hoc|iPhoneSimulator
		{4ED1698B-EACD-4508-B1C0-7C8F9ED88920}.Ad-Hoc|x64.ActiveCfg = Ad-Hoc|iPhone
		{4ED1698B-EACD-4508-B1C0-7C8F9ED88920}.Ad-Hoc|x64.Build.0 = Ad-Hoc|iPhone
		{4ED1698B-EACD-4508-B1C0-7C8F9ED88920}.Ad-Hoc|x64.Deploy.0 = Ad-Hoc|iPhone
		{4ED1698B-EACD-4508-B1C0-7C8F9ED88920}.Ad-Hoc|x86.ActiveCfg = Ad-Hoc|iPhone
		{4ED1698B-EACD-4508-B1C0-7C8F9ED88920}.Ad-Hoc|x86.Build.0 = Ad-Hoc|iPhone
		{4ED1698B-EACD-4508-B1C0-7C8F9ED88920}.Ad-Hoc|x86.Deploy.0 = Ad-Hoc|iPhone
		{4ED1698B-EACD-4508-B1C0-7C8F9ED88920}.AppStore|Any CPU.ActiveCfg = AppStore|iPhone
		{4ED1698B-EACD-4508-B1C0-7C8F9ED88920}.AppStore|Any CPU.Build.0 = AppStore|iPhone
		{4ED1698B-EACD-4508-B1C0-7C8F9ED88920}.AppStore|Any CPU.Deploy.0 = AppStore|iPhone
		{4ED1698B-EACD-4508-B1C0-7C8F9ED88920}.AppStore|ARM.ActiveCfg = AppStore|iPhone
		{4ED1698B-EACD-4508-B1C0-7C8F9ED88920}.AppStore|ARM.Build.0 = AppStore|iPhone
		{4ED1698B-EACD-4508-B1C0-7C8F9ED88920}.AppStore|ARM.Deploy.0 = AppStore|iPhone
		{4ED1698B-EACD-4508-B1C0-7C8F9ED88920}.AppStore|iPhone.ActiveCfg = AppStore|iPhone
		{4ED1698B-EACD-4508-B1C0-7C8F9ED88920}.AppStore|iPhone.Build.0 = AppStore|iPhone
		{4ED1698B-EACD-4508-B1C0-7C8F9ED88920}.AppStore|iPhone.Deploy.0 = AppStore|iPhone
		{4ED1698B-EACD-4508-B1C0-7C8F9ED88920}.AppStore|iPhoneSimulator.ActiveCfg = AppStore|iPhoneSimulator
		{4ED1698B-EACD-4508-B1C0-7C8F9ED88920}.AppStore|iPhoneSimulator.Build.0 = AppStore|iPhoneSimulator
		{4ED1698B-EACD-4508-B1C0-7C8F9ED88920}.AppStore|iPhoneSimulator.Deploy.0 = AppStore|iPhoneSimulator
		{4ED1698B-EACD-4508-B1C0-7C8F9ED88920}.AppStore|x64.ActiveCfg = AppStore|iPhone
		{4ED1698B-EACD-4508-B1C0-7C8F9ED88920}.AppStore|x64.Build.0 = AppStore|iPhone
		{4ED1698B-EACD-4508-B1C0-7C8F9ED88920}.AppStore|x64.Deploy.0 = AppStore|iPhone
		{4ED1698B-EACD-4508-B1C0-7C8F9ED88920}.AppStore|x86.ActiveCfg = AppStore|iPhone
		{4ED1698B-EACD-4508-B1C0-7C8F9ED88920}.AppStore|x86.Build.0 = AppStore|iPhone
		{4ED1698B-EACD-4508-B1C0-7C8F9ED88920}.AppStore|x86.Deploy.0 = AppStore|iPhone
		{4ED1698B-EACD-4508-B1C0-7C8F9ED88920}.Debug|Any CPU.ActiveCfg = Debug|iPhoneSimulator
		{4ED1698B-EACD-4508-B1C0-7C8F9ED88920}.Debug|Any CPU.Build.0 = Debug|iPhoneSimulator
		{4ED1698B-EACD-4508-B1C0-7C8F9ED88920}.Debug|Any CPU.Deploy.0 = Debug|iPhoneSimulator
		{4ED1698B-EACD-4508-B1C0-7C8F9ED88920}.Debug|ARM.ActiveCfg = Debug|iPhone
		{4ED1698B-EACD-4508-B1C0-7C8F9ED88920}.Debug|ARM.Build.0 = Debug|iPhone
		{4ED1698B-EACD-4508-B1C0-7C8F9ED88920}.Debug|ARM.Deploy.0 = Debug|iPhone
		{4ED1698B-EACD-4508-B1C0-7C8F9ED88920}.Debug|iPhone.ActiveCfg = Debug|iPhone
		{4ED1698B-EACD-4508-B1C0-7C8F9ED88920}.Debug|iPhone.Build.0 = Debug|iPhone
		{4ED1698B-EACD-4508-B1C0-7C8F9ED88920}.Debug|iPhone.Deploy.0 = Debug|iPhone
		{4ED1698B-EACD-4508-B1C0-7C8F9ED88920}.Debug|iPhoneSimulator.ActiveCfg = Debug|iPhoneSimulator
		{4ED1698B-EACD-4508-B1C0-7C8F9ED88920}.Debug|iPhoneSimulator.Build.0 = Debug|iPhoneSimulator
		{4ED1698B-EACD-4508-B1C0-7C8F9ED88920}.Debug|iPhoneSimulator.Deploy.0 = Debug|iPhoneSimulator
		{4ED1698B-EACD-4508-B1C0-7C8F9ED88920}.Debug|x64.ActiveCfg = Debug|iPhone
		{4ED1698B-EACD-4508-B1C0-7C8F9ED88920}.Debug|x64.Build.0 = Debug|iPhone
		{4ED1698B-EACD-4508-B1C0-7C8F9ED88920}.Debug|x64.Deploy.0 = Debug|iPhone
		{4ED1698B-EACD-4508-B1C0-7C8F9ED88920}.Debug|x86.ActiveCfg = Debug|iPhone
		{4ED1698B-EACD-4508-B1C0-7C8F9ED88920}.Debug|x86.Build.0 = Debug|iPhone
		{4ED1698B-EACD-4508-B1C0-7C8F9ED88920}.Debug|x86.Deploy.0 = Debug|iPhone
		{4ED1698B-EACD-4508-B1C0-7C8F9ED88920}.Release|Any CPU.ActiveCfg = Release|iPhone
		{4ED1698B-EACD-4508-B1C0-7C8F9ED88920}.Release|Any CPU.Build.0 = Release|iPhone
		{4ED1698B-EACD-4508-B1C0-7C8F9ED88920}.Release|Any CPU.Deploy.0 = Release|iPhone
		{4ED1698B-EACD-4508-B1C0-7C8F9ED88920}.Release|ARM.ActiveCfg = Release|iPhone
		{4ED1698B-EACD-4508-B1C0-7C8F9ED88920}.Release|ARM.Build.0 = Release|iPhone
		{4ED1698B-EACD-4508-B1C0-7C8F9ED88920}.Release|ARM.Deploy.0 = Release|iPhone
		{4ED1698B-EACD-4508-B1C0-7C8F9ED88920}.Release|iPhone.ActiveCfg = Release|iPhone
		{4ED1698B-EACD-4508-B1C0-7C8F9ED88920}.Release|iPhone.Build.0 = Release|iPhone
		{4ED1698B-EACD-4508-B1C0-7C8F9ED88920}.Release|iPhone.Deploy.0 = Release|iPhone
		{4ED1698B-EACD-4508-B1C0-7C8F9ED88920}.Release|iPhoneSimulator.ActiveCfg = Release|iPhoneSimulator
		{4ED1698B-EACD-4508-B1C0-7C8F9ED88920}.Release|iPhoneSimulator.Build.0 = Release|iPhoneSimulator
		{4ED1698B-EACD-4508-B1C0-7C8F9ED88920}.Release|iPhoneSimulator.Deploy.0 = Release|iPhoneSimulator
		{4ED1698B-EACD-4508-B1C0-7C8F9ED88920}.Release|x64.ActiveCfg = Release|iPhone
		{4ED1698B-EACD-4508-B1C0-7C8F9ED88920}.Release|x64.Build.0 = Release|iPhone
		{4ED1698B-EACD-4508-B1C0-7C8F9ED88920}.Release|x64.Deploy.0 = Release|iPhone
		{4ED1698B-EACD-4508-B1C0-7C8F9ED88920}.Release|x86.ActiveCfg = Release|iPhone
		{4ED1698B-EACD-4508-B1C0-7C8F9ED88920}.Release|x86.Build.0 = Release|iPhone
		{4ED1698B-EACD-4508-B1C0-7C8F9ED88920}.Release|x86.Deploy.0 = Release|iPhone
		{B6DEEC46-EE4A-4A81-AA7B-5B5CE1AA32E8}.Ad-Hoc|Any CPU.ActiveCfg = Release|x86
		{B6DEEC46-EE4A-4A81-AA7B-5B5CE1AA32E8}.Ad-Hoc|Any CPU.Build.0 = Release|x86
		{B6DEEC46-EE4A-4A81-AA7B-5B5CE1AA32E8}.Ad-Hoc|Any CPU.Deploy.0 = Release|x86
		{B6DEEC46-EE4A-4A81-AA7B-5B5CE1AA32E8}.Ad-Hoc|ARM.ActiveCfg = Release|ARM
		{B6DEEC46-EE4A-4A81-AA7B-5B5CE1AA32E8}.Ad-Hoc|ARM.Build.0 = Release|ARM
		{B6DEEC46-EE4A-4A81-AA7B-5B5CE1AA32E8}.Ad-Hoc|ARM.Deploy.0 = Release|ARM
		{B6DEEC46-EE4A-4A81-AA7B-5B5CE1AA32E8}.Ad-Hoc|iPhone.ActiveCfg = Release|x86
		{B6DEEC46-EE4A-4A81-AA7B-5B5CE1AA32E8}.Ad-Hoc|iPhone.Build.0 = Release|x86
		{B6DEEC46-EE4A-4A81-AA7B-5B5CE1AA32E8}.Ad-Hoc|iPhone.Deploy.0 = Release|x86
		{B6DEEC46-EE4A-4A81-AA7B-5B5CE1AA32E8}.Ad-Hoc|iPhoneSimulator.ActiveCfg = Release|x86
		{B6DEEC46-EE4A-4A81-AA7B-5B5CE1AA32E8}.Ad-Hoc|iPhoneSimulator.Build.0 = Release|x86
		{B6DEEC46-EE4A-4A81-AA7B-5B5CE1AA32E8}.Ad-Hoc|iPhoneSimulator.Deploy.0 = Release|x86
		{B6DEEC46-EE4A-4A81-AA7B-5B5CE1AA32E8}.Ad-Hoc|x64.ActiveCfg = Release|x64
		{B6DEEC46-EE4A-4A81-AA7B-5B5CE1AA32E8}.Ad-Hoc|x64.Build.0 = Release|x64
		{B6DEEC46-EE4A-4A81-AA7B-5B5CE1AA32E8}.Ad-Hoc|x64.Deploy.0 = Release|x64
		{B6DEEC46-EE4A-4A81-AA7B-5B5CE1AA32E8}.Ad-Hoc|x86.ActiveCfg = Release|x86
		{B6DEEC46-EE4A-4A81-AA7B-5B5CE1AA32E8}.Ad-Hoc|x86.Build.0 = Release|x86
		{B6DEEC46-EE4A-4A81-AA7B-5B5CE1AA32E8}.Ad-Hoc|x86.Deploy.0 = Release|x86
		{B6DEEC46-EE4A-4A81-AA7B-5B5CE1AA32E8}.AppStore|Any CPU.ActiveCfg = Release|x86
		{B6DEEC46-EE4A-4A81-AA7B-5B5CE1AA32E8}.AppStore|Any CPU.Build.0 = Release|x86
		{B6DEEC46-EE4A-4A81-AA7B-5B5CE1AA32E8}.AppStore|Any CPU.Deploy.0 = Release|x86
		{B6DEEC46-EE4A-4A81-AA7B-5B5CE1AA32E8}.AppStore|ARM.ActiveCfg = Release|ARM
		{B6DEEC46-EE4A-4A81-AA7B-5B5CE1AA32E8}.AppStore|ARM.Build.0 = Release|ARM
		{B6DEEC46-EE4A-4A81-AA7B-5B5CE1AA32E8}.AppStore|ARM.Deploy.0 = Release|ARM
		{B6DEEC46-EE4A-4A81-AA7B-5B5CE1AA32E8}.AppStore|iPhone.ActiveCfg = Release|x86
		{B6DEEC46-EE4A-4A81-AA7B-5B5CE1AA32E8}.AppStore|iPhone.Build.0 = Release|x86
		{B6DEEC46-EE4A-4A81-AA7B-5B5CE1AA32E8}.AppStore|iPhone.Deploy.0 = Release|x86
		{B6DEEC46-EE4A-4A81-AA7B-5B5CE1AA32E8}.AppStore|iPhoneSimulator.ActiveCfg = Release|x86
		{B6DEEC46-EE4A-4A81-AA7B-5B5CE1AA32E8}.AppStore|iPhoneSimulator.Build.0 = Release|x86
		{B6DEEC46-EE4A-4A81-AA7B-5B5CE1AA32E8}.AppStore|iPhoneSimulator.Deploy.0 = Release|x86
		{B6DEEC46-EE4A-4A81-AA7B-5B5CE1AA32E8}.AppStore|x64.ActiveCfg = Release|x64
		{B6DEEC46-EE4A-4A81-AA7B-5B5CE1AA32E8}.AppStore|x64.Build.0 = Release|x64
		{B6DEEC46-EE4A-4A81-AA7B-5B5CE1AA32E8}.AppStore|x64.Deploy.0 = Release|x64
		{B6DEEC46-EE4A-4A81-AA7B-5B5CE1AA32E8}.AppStore|x86.ActiveCfg = Release|x86
		{B6DEEC46-EE4A-4A81-AA7B-5B5CE1AA32E8}.AppStore|x86.Build.0 = Release|x86
		{B6DEEC46-EE4A-4A81-AA7B-5B5CE1AA32E8}.AppStore|x86.Deploy.0 = Release|x86
		{B6DEEC46-EE4A-4A81-AA7B-5B5CE1AA32E8}.Debug|Any CPU.ActiveCfg = Debug|x86
		{B6DEEC46-EE4A-4A81-AA7B-5B5CE1AA32E8}.Debug|Any CPU.Build.0 = Debug|x86
		{B6DEEC46-EE4A-4A81-AA7B-5B5CE1AA32E8}.Debug|Any CPU.Deploy.0 = Debug|x86
		{B6DEEC46-EE4A-4A81-AA7B-5B5CE1AA32E8}.Debug|ARM.ActiveCfg = Debug|ARM
		{B6DEEC46-EE4A-4A81-AA7B-5B5CE1AA32E8}.Debug|ARM.Build.0 = Debug|ARM
		{B6DEEC46-EE4A-4A81-AA7B-5B5CE1AA32E8}.Debug|ARM.Deploy.0 = Debug|ARM
		{B6DEEC46-EE4A-4A81-AA7B-5B5CE1AA32E8}.Debug|iPhone.ActiveCfg = Debug|x86
		{B6DEEC46-EE4A-4A81-AA7B-5B5CE1AA32E8}.Debug|iPhone.Build.0 = Debug|x86
		{B6DEEC46-EE4A-4A81-AA7B-5B5CE1AA32E8}.Debug|iPhone.Deploy.0 = Debug|x86
		{B6DEEC46-EE4A-4A81-AA7B-5B5CE1AA32E8}.Debug|iPhoneSimulator.ActiveCfg = Debug|x86
		{B6DEEC46-EE4A-4A81-AA7B-5B5CE1AA32E8}.Debug|iPhoneSimulator.Build.0 = Debug|x86
		{B6DEEC46-EE4A-4A81-AA7B-5B5CE1AA32E8}.Debug|iPhoneSimulator.Deploy.0 = Debug|x86
		{B6DEEC46-EE4A-4A81-AA7B-5B5CE1AA32E8}.Debug|x64.ActiveCfg = Debug|x64
		{B6DEEC46-EE4A-4A81-AA7B-5B5CE1AA32E8}.Debug|x64.Build.0 = Debug|x64
		{B6DEEC46-EE4A-4A81-AA7B-5B5CE1AA32E8}.Debug|x64.Deploy.0 = Debug|x64
		{B6DEEC46-EE4A-4A81-AA7B-5B5CE1AA32E8}.Debug|x86.ActiveCfg = Debug|x86
		{B6DEEC46-EE4A-4A81-AA7B-5B5CE1AA32E8}.Debug|x86.Build.0 = Debug|x86
		{B6DEEC46-EE4A-4A81-AA7B-5B5CE1AA32E8}.Debug|x86.Deploy.0 = Debug|x86
		{B6DEEC46-EE4A-4A81-AA7B-5B5CE1AA32E8}.Release|Any CPU.ActiveCfg = Release|x86
		{B6DEEC46-EE4A-4A81-AA7B-5B5CE1AA32E8}.Release|Any CPU.Build.0 = Release|x86
		{B6DEEC46-EE4A-4A81-AA7B-5B5CE1AA32E8}.Release|Any CPU.Deploy.0 = Release|x86
		{B6DEEC46-EE4A-4A81-AA7B-5B5CE1AA32E8}.Release|ARM.ActiveCfg = Release|ARM
		{B6DEEC46-EE4A-4A81-AA7B-5B5CE1AA32E8}.Release|ARM.Build.0 = Release|ARM
		{B6DEEC46-EE4A-4A81-AA7B-5B5CE1AA32E8}.Release|ARM.Deploy.0 = Release|ARM
		{B6DEEC46-EE4A-4A81-AA7B-5B5CE1AA32E8}.Release|iPhone.ActiveCfg = Release|x86
		{B6DEEC46-EE4A-4A81-AA7B-5B5CE1AA32E8}.Release|iPhone.Build.0 = Release|x86
		{B6DEEC46-EE4A-4A81-AA7B-5B5CE1AA32E8}.Release|iPhone.Deploy.0 = Release|x86
		{B6DEEC46-EE4A-4A81-AA7B-5B5CE1AA32E8}.Release|iPhoneSimulator.ActiveCfg = Release|x86
		{B6DEEC46-EE4A-4A81-AA7B-5B5CE1AA32E8}.Release|iPhoneSimulator.Build.0 = Release|x86
		{B6DEEC46-EE4A-4A81-AA7B-5B5CE1AA32E8}.Release|iPhoneSimulator.Deploy.0 = Release|x86
		{B6DEEC46-EE4A-4A81-AA7B-5B5CE1AA32E8}.Release|x64.ActiveCfg = Release|x64
		{B6DEEC46-EE4A-4A81-AA7B-5B5CE1AA32E8}.Release|x64.Build.0 = Release|x64
		{B6DEEC46-EE4A-4A81-AA7B-5B5CE1AA32E8}.Release|x64.Deploy.0 = Release|x64
		{B6DEEC46-EE4A-4A81-AA7B-5B5CE1AA32E8}.Release|x86.ActiveCfg = Release|x86
		{B6DEEC46-EE4A-4A81-AA7B-5B5CE1AA32E8}.Release|x86.Build.0 = Release|x86
		{B6DEEC46-EE4A-4A81-AA7B-5B5CE1AA32E8}.Release|x86.Deploy.0 = Release|x86
		{05192E8A-4AAB-4A8D-894B-E55A98C5CFF5}.Ad-Hoc|Any CPU.ActiveCfg = Debug|Any CPU
		{05192E8A-4AAB-4A8D-894B-E55A98C5CFF5}.Ad-Hoc|Any CPU.Build.0 = Debug|Any CPU
		{05192E8A-4AAB-4A8D-894B-E55A98C5CFF5}.Ad-Hoc|Any CPU.Deploy.0 = Debug|Any CPU
		{05192E8A-4AAB-4A8D-894B-E55A98C5CFF5}.Ad-Hoc|ARM.ActiveCfg = Debug|Any CPU
		{05192E8A-4AAB-4A8D-894B-E55A98C5CFF5}.Ad-Hoc|ARM.Build.0 = Debug|Any CPU
		{05192E8A-4AAB-4A8D-894B-E55A98C5CFF5}.Ad-Hoc|ARM.Deploy.0 = Debug|Any CPU
		{05192E8A-4AAB-4A8D-894B-E55A98C5CFF5}.Ad-Hoc|iPhone.ActiveCfg = Debug|Any CPU
		{05192E8A-4AAB-4A8D-894B-E55A98C5CFF5}.Ad-Hoc|iPhone.Build.0 = Debug|Any CPU
		{05192E8A-4AAB-4A8D-894B-E55A98C5CFF5}.Ad-Hoc|iPhone.Deploy.0 = Debug|Any CPU
		{05192E8A-4AAB-4A8D-894B-E55A98C5CFF5}.Ad-Hoc|iPhoneSimulator.ActiveCfg = Debug|Any CPU
		{05192E8A-4AAB-4A8D-894B-E55A98C5CFF5}.Ad-Hoc|iPhoneSimulator.Build.0 = Debug|Any CPU
		{05192E8A-4AAB-4A8D-894B-E55A98C5CFF5}.Ad-Hoc|iPhoneSimulator.Deploy.0 = Debug|Any CPU
		{05192E8A-4AAB-4A8D-894B-E55A98C5CFF5}.Ad-Hoc|x64.ActiveCfg = Debug|Any CPU
		{05192E8A-4AAB-4A8D-894B-E55A98C5CFF5}.Ad-Hoc|x64.Build.0 = Debug|Any CPU
		{05192E8A-4AAB-4A8D-894B-E55A98C5CFF5}.Ad-Hoc|x64.Deploy.0 = Debug|Any CPU
		{05192E8A-4AAB-4A8D-894B-E55A98C5CFF5}.Ad-Hoc|x86.ActiveCfg = Debug|Any CPU
		{05192E8A-4AAB-4A8D-894B-E55A98C5CFF5}.Ad-Hoc|x86.Build.0 = Debug|Any CPU
		{05192E8A-4AAB-4A8D-894B-E55A98C5CFF5}.Ad-Hoc|x86.Deploy.0 = Debug|Any CPU
		{05192E8A-4AAB-4A8D-894B-E55A98C5CFF5}.AppStore|Any CPU.ActiveCfg = Debug|Any CPU
		{05192E8A-4AAB-4A8D-894B-E55A98C5CFF5}.AppStore|Any CPU.Build.0 = Debug|Any CPU
		{05192E8A-4AAB-4A8D-894B-E55A98C5CFF5}.AppStore|Any CPU.Deploy.0 = Debug|Any CPU
		{05192E8A-4AAB-4A8D-894B-E55A98C5CFF5}.AppStore|ARM.ActiveCfg = Debug|Any CPU
		{05192E8A-4AAB-4A8D-894B-E55A98C5CFF5}.AppStore|ARM.Build.0 = Debug|Any CPU
		{05192E8A-4AAB-4A8D-894B-E55A98C5CFF5}.AppStore|ARM.Deploy.0 = Debug|Any CPU
		{05192E8A-4AAB-4A8D-894B-E55A98C5CFF5}.AppStore|iPhone.ActiveCfg = Debug|Any CPU
		{05192E8A-4AAB-4A8D-894B-E55A98C5CFF5}.AppStore|iPhone.Build.0 = Debug|Any CPU
		{05192E8A-4AAB-4A8D-894B-E55A98C5CFF5}.AppStore|iPhone.Deploy.0 = Debug|Any CPU
		{05192E8A-4AAB-4A8D-894B-E55A98C5CFF5}.AppStore|iPhoneSimulator.ActiveCfg = Debug|Any CPU
		{05192E8A-4AAB-4A8D-894B-E55A98C5CFF5}.AppStore|iPhoneSimulator.Build.0 = Debug|Any CPU
		{05192E8A-4AAB-4A8D-894B-E55A98C5CFF5}.AppStore|iPhoneSimulator.Deploy.0 = Debug|Any CPU
		{05192E8A-4AAB-4A8D-894B-E55A98C5CFF5}.AppStore|x64.ActiveCfg = Debug|Any CPU
		{05192E8A-4AAB-4A8D-894B-E55A98C5CFF5}.AppStore|x64.Build.0 = Debug|Any CPU
		{05192E8A-4AAB-4A8D-894B-E55A98C5CFF5}.AppStore|x64.Deploy.0 = Debug|Any CPU
		{05192E8A-4AAB-4A8D-894B-E55A98C5CFF5}.AppStore|x86.ActiveCfg = Debug|Any CPU
		{05192E8A-4AAB-4A8D-894B-E55A98C5CFF5}.AppStore|x86.Build.0 = Debug|Any CPU
		{05192E8A-4AAB-4A8D-894B-E55A98C5CFF5}.AppStore|x86.Deploy.0 = Debug|Any CPU
		{05192E8A-4AAB-4A8D-894B-E55A98C5CFF5}.Debug|Any CPU.ActiveCfg = Debug|Any CPU
		{05192E8A-4AAB-4A8D-894B-E55A98C5CFF5}.Debug|Any CPU.Build.0 = Debug|Any CPU
		{05192E8A-4AAB-4A8D-894B-E55A98C5CFF5}.Debug|Any CPU.Deploy.0 = Debug|Any CPU
		{05192E8A-4AAB-4A8D-894B-E55A98C5CFF5}.Debug|ARM.ActiveCfg = Debug|Any CPU
		{05192E8A-4AAB-4A8D-894B-E55A98C5CFF5}.Debug|ARM.Build.0 = Debug|Any CPU
		{05192E8A-4AAB-4A8D-894B-E55A98C5CFF5}.Debug|ARM.Deploy.0 = Debug|Any CPU
		{05192E8A-4AAB-4A8D-894B-E55A98C5CFF5}.Debug|iPhone.ActiveCfg = Debug|Any CPU
		{05192E8A-4AAB-4A8D-894B-E55A98C5CFF5}.Debug|iPhone.Build.0 = Debug|Any CPU
		{05192E8A-4AAB-4A8D-894B-E55A98C5CFF5}.Debug|iPhone.Deploy.0 = Debug|Any CPU
		{05192E8A-4AAB-4A8D-894B-E55A98C5CFF5}.Debug|iPhoneSimulator.ActiveCfg = Debug|Any CPU
		{05192E8A-4AAB-4A8D-894B-E55A98C5CFF5}.Debug|iPhoneSimulator.Build.0 = Debug|Any CPU
		{05192E8A-4AAB-4A8D-894B-E55A98C5CFF5}.Debug|iPhoneSimulator.Deploy.0 = Debug|Any CPU
		{05192E8A-4AAB-4A8D-894B-E55A98C5CFF5}.Debug|x64.ActiveCfg = Debug|Any CPU
		{05192E8A-4AAB-4A8D-894B-E55A98C5CFF5}.Debug|x64.Build.0 = Debug|Any CPU
		{05192E8A-4AAB-4A8D-894B-E55A98C5CFF5}.Debug|x64.Deploy.0 = Debug|Any CPU
		{05192E8A-4AAB-4A8D-894B-E55A98C5CFF5}.Debug|x86.ActiveCfg = Debug|Any CPU
		{05192E8A-4AAB-4A8D-894B-E55A98C5CFF5}.Debug|x86.Build.0 = Debug|Any CPU
		{05192E8A-4AAB-4A8D-894B-E55A98C5CFF5}.Debug|x86.Deploy.0 = Debug|Any CPU
		{05192E8A-4AAB-4A8D-894B-E55A98C5CFF5}.Release|Any CPU.ActiveCfg = Release|Any CPU
		{05192E8A-4AAB-4A8D-894B-E55A98C5CFF5}.Release|Any CPU.Build.0 = Release|Any CPU
		{05192E8A-4AAB-4A8D-894B-E55A98C5CFF5}.Release|Any CPU.Deploy.0 = Release|Any CPU
		{05192E8A-4AAB-4A8D-894B-E55A98C5CFF5}.Release|ARM.ActiveCfg = Release|Any CPU
		{05192E8A-4AAB-4A8D-894B-E55A98C5CFF5}.Release|ARM.Build.0 = Release|Any CPU
		{05192E8A-4AAB-4A8D-894B-E55A98C5CFF5}.Release|ARM.Deploy.0 = Release|Any CPU
		{05192E8A-4AAB-4A8D-894B-E55A98C5CFF5}.Release|iPhone.ActiveCfg = Release|Any CPU
		{05192E8A-4AAB-4A8D-894B-E55A98C5CFF5}.Release|iPhone.Build.0 = Release|Any CPU
		{05192E8A-4AAB-4A8D-894B-E55A98C5CFF5}.Release|iPhone.Deploy.0 = Release|Any CPU
		{05192E8A-4AAB-4A8D-894B-E55A98C5CFF5}.Release|iPhoneSimulator.ActiveCfg = Release|Any CPU
		{05192E8A-4AAB-4A8D-894B-E55A98C5CFF5}.Release|iPhoneSimulator.Build.0 = Release|Any CPU
		{05192E8A-4AAB-4A8D-894B-E55A98C5CFF5}.Release|iPhoneSimulator.Deploy.0 = Release|Any CPU
		{05192E8A-4AAB-4A8D-894B-E55A98C5CFF5}.Release|x64.ActiveCfg = Release|Any CPU
		{05192E8A-4AAB-4A8D-894B-E55A98C5CFF5}.Release|x64.Build.0 = Release|Any CPU
		{05192E8A-4AAB-4A8D-894B-E55A98C5CFF5}.Release|x64.Deploy.0 = Release|Any CPU
		{05192E8A-4AAB-4A8D-894B-E55A98C5CFF5}.Release|x86.ActiveCfg = Release|Any CPU
		{05192E8A-4AAB-4A8D-894B-E55A98C5CFF5}.Release|x86.Build.0 = Release|Any CPU
		{05192E8A-4AAB-4A8D-894B-E55A98C5CFF5}.Release|x86.Deploy.0 = Release|Any CPU
	EndGlobalSection
	GlobalSection(SolutionProperties) = preSolution
		HideSolutionNode = FALSE
	EndGlobalSection
	GlobalSection(ExtensibilityGlobals) = postSolution
		SolutionGuid = {4DCA0DDD-12EA-47F5-B906-4249D3EF1EC7}
	EndGlobalSection
EndGlobal
